{
  "version": "2",
  "remote": {
    "https://deno.land/std@0.136.0/fmt/colors.ts": "30455035d6d728394781c10755351742dd731e3db6771b1843f9b9e490104d37",
    "https://deno.land/std@0.136.0/testing/_diff.ts": "d8743b5c15d34eb58ae7e4ad43295ee1c7a935029b460a056d901f3aefcead45",
    "https://deno.land/std@0.136.0/testing/_format.ts": "0d8dc79eab15b67cdc532826213bbe05bccfd276ca473a50a3fc7bbfb7260642",
    "https://deno.land/std@0.136.0/testing/asserts.ts": "61d85fc80f548a6e1e66d93fb7874a2c9e097aeecc00643c5f4f340370cde56f",
    "https://deno.land/std@0.161.0/fmt/colors.ts": "9e36a716611dcd2e4865adea9c4bec916b5c60caad4cdcdc630d4974e6bb8bd4",
    "https://deno.land/std@0.161.0/testing/_diff.ts": "a23e7fc2b4d8daa3e158fa06856bedf5334ce2a2831e8bf9e509717f455adb2c",
    "https://deno.land/std@0.161.0/testing/_format.ts": "cd11136e1797791045e639e9f0f4640d5b4166148796cad37e6ef75f7d7f3832",
    "https://deno.land/std@0.161.0/testing/_test_suite.ts": "2d07073d5460a4e3ec50c55ae822cd9bd136926d7363091379947fef9c73c3e4",
    "https://deno.land/std@0.161.0/testing/asserts.ts": "1e340c589853e82e0807629ba31a43c84ebdcdeca910c4a9705715dfdb0f5ce8",
    "https://deno.land/std@0.161.0/testing/bdd.ts": "35060cefd9cc21b414f4d89453b3551a3d52ec50aeff25db432503c5485b2f72"
  }
}
